
Microsoft Visual Studio Solution File, Format Version 12.00
# Visual Studio Version 17
VisualStudioVersion = 17.11.35208.52
MinimumVisualStudioVersion = 10.0.40219.1
Project("{FAE04EC0-301F-11D3-BF4B-00C04F79EFBC}") = "Lab 9-6", "Lab 9-6\Lab 9-6.csproj", "{A9D0ED92-72BD-49FB-BB9B-362B5D769112}"
EndProject
Global
	GlobalSection(SolutionConfigurationPlatforms) = preSolution
		Debug|Any CPU = Debug|Any CPU
		Release|Any CPU = Release|Any CPU
	EndGlobalSection
	GlobalSection(ProjectConfigurationPlatforms) = postSolution
		{A9D0ED92-72BD-49FB-BB9B-362B5D769112}.Debug|Any CPU.ActiveCfg = Debug|Any CPU
		{A9D0ED92-72BD-49FB-BB9B-362B5D769112}.Debug|Any CPU.Build.0 = Debug|Any CPU
		{A9D0ED92-72BD-49FB-BB9B-362B5D769112}.Release|Any CPU.ActiveCfg = Release|Any CPU
		{A9D0ED92-72BD-49FB-BB9B-362B5D769112}.Release|Any CPU.Build.0 = Release|Any CPU
	EndGlobalSection
	GlobalSection(SolutionProperties) = preSolution
		HideSolutionNode = FALSE
	EndGlobalSection
	GlobalSection(ExtensibilityGlobals) = postSolution
		SolutionGuid = {900CE819-CD54-4726-9BAA-34ED356C5B13}
	EndGlobalSection
EndGlobal
