
Microsoft Visual Studio Solution File, Format Version 12.00
# Visual Studio Version 17
VisualStudioVersion = 17.11.35208.52
MinimumVisualStudioVersion = 10.0.40219.1
Project("{FAE04EC0-301F-11D3-BF4B-00C04F79EFBC}") = "Lab 6-3", "Lab 6-3\Lab 6-3.csproj", "{AAABCFD5-A507-4E5E-B505-303BD9FA4536}"
EndProject
Global
	GlobalSection(SolutionConfigurationPlatforms) = preSolution
		Debug|Any CPU = Debug|Any CPU
		Release|Any CPU = Release|Any CPU
	EndGlobalSection
	GlobalSection(ProjectConfigurationPlatforms) = postSolution
		{AAABCFD5-A507-4E5E-B505-303BD9FA4536}.Debug|Any CPU.ActiveCfg = Debug|Any CPU
		{AAABCFD5-A507-4E5E-B505-303BD9FA4536}.Debug|Any CPU.Build.0 = Debug|Any CPU
		{AAABCFD5-A507-4E5E-B505-303BD9FA4536}.Release|Any CPU.ActiveCfg = Release|Any CPU
		{AAABCFD5-A507-4E5E-B505-303BD9FA4536}.Release|Any CPU.Build.0 = Release|Any CPU
	EndGlobalSection
	GlobalSection(SolutionProperties) = preSolution
		HideSolutionNode = FALSE
	EndGlobalSection
	GlobalSection(ExtensibilityGlobals) = postSolution
		SolutionGuid = {B76ABDDE-E205-44A2-9C1F-DFD5BB43C7A6}
	EndGlobalSection
EndGlobal
