
Microsoft Visual Studio Solution File, Format Version 12.00
# Visual Studio Version 17
VisualStudioVersion = 17.11.35208.52
MinimumVisualStudioVersion = 10.0.40219.1
Project("{FAE04EC0-301F-11D3-BF4B-00C04F79EFBC}") = "Lab 8-2", "Lab 8-2\Lab 8-2.csproj", "{4F6067F5-A632-4CD7-AE90-992A366CEBC6}"
EndProject
Global
	GlobalSection(SolutionConfigurationPlatforms) = preSolution
		Debug|Any CPU = Debug|Any CPU
		Release|Any CPU = Release|Any CPU
	EndGlobalSection
	GlobalSection(ProjectConfigurationPlatforms) = postSolution
		{4F6067F5-A632-4CD7-AE90-992A366CEBC6}.Debug|Any CPU.ActiveCfg = Debug|Any CPU
		{4F6067F5-A632-4CD7-AE90-992A366CEBC6}.Debug|Any CPU.Build.0 = Debug|Any CPU
		{4F6067F5-A632-4CD7-AE90-992A366CEBC6}.Release|Any CPU.ActiveCfg = Release|Any CPU
		{4F6067F5-A632-4CD7-AE90-992A366CEBC6}.Release|Any CPU.Build.0 = Release|Any CPU
	EndGlobalSection
	GlobalSection(SolutionProperties) = preSolution
		HideSolutionNode = FALSE
	EndGlobalSection
	GlobalSection(ExtensibilityGlobals) = postSolution
		SolutionGuid = {A9A69D22-5A8C-43FB-9A81-D217CECC68A6}
	EndGlobalSection
EndGlobal
